// !$*UTF8*$!
{
	archiveVersion = 1;
	classes = {
	};
	objectVersion = 56;
	objects = {

/* Begin PBXBuildFile section */
		A81BA4F02A785A8300141C27 /* MapView.swift in Sources */ = {isa = PBXBuildFile; fileRef = A81BA4EF2A785A8300141C27 /* MapView.swift */; };
		A8EB65712A71D48E0026040E /* LAME2App.swift in Sources */ = {isa = PBXBuildFile; fileRef = A8EB65702A71D48E0026040E /* LAME2App.swift */; };
		A8EB65732A71D48E0026040E /* ContentView.swift in Sources */ = {isa = PBXBuildFile; fileRef = A8EB65722A71D48E0026040E /* ContentView.swift */; };
		A8EB65752A71D4910026040E /* Assets.xcassets in Resources */ = {isa = PBXBuildFile; fileRef = A8EB65742A71D4910026040E /* Assets.xcassets */; };
		A8EB65782A71D4910026040E /* Preview Assets.xcassets in Resources */ = {isa = PBXBuildFile; fileRef = A8EB65772A71D4910026040E /* Preview Assets.xcassets */; };
		A8EB65812A71D53E0026040E /* DataManager.swift in Sources */ = {isa = PBXBuildFile; fileRef = A8EB65802A71D53E0026040E /* DataManager.swift */; };
		A8EB65832A71DB470026040E /* ControlView.swift in Sources */ = {isa = PBXBuildFile; fileRef = A8EB65822A71DB470026040E /* ControlView.swift */; };
		A8EB65852A71DB780026040E /* TrainingView.swift in Sources */ = {isa = PBXBuildFile; fileRef = A8EB65842A71DB780026040E /* TrainingView.swift */; };
		A8EB65892A71DBF50026040E /* RobotManager.swift in Sources */ = {isa = PBXBuildFile; fileRef = A8EB65882A71DBF50026040E /* RobotManager.swift */; };
		A8EB658B2A71E21B0026040E /* Preference.swift in Sources */ = {isa = PBXBuildFile; fileRef = A8EB658A2A71E21B0026040E /* Preference.swift */; };
		A8EB658D2A71E5800026040E /* ConcentricCirclesView.swift in Sources */ = {isa = PBXBuildFile; fileRef = A8EB658C2A71E5800026040E /* ConcentricCirclesView.swift */; };
		A8F266572A7200AD0021660C /* PreferencesView.swift in Sources */ = {isa = PBXBuildFile; fileRef = A8F266562A7200AD0021660C /* PreferencesView.swift */; };
		A8F2941A2A7440E3003471AE /* LocationManager.swift in Sources */ = {isa = PBXBuildFile; fileRef = A8F294192A7440E3003471AE /* LocationManager.swift */; };
		A8F294272A75BAFE003471AE /* MapOverlayView.swift in Sources */ = {isa = PBXBuildFile; fileRef = A8F294262A75BAFE003471AE /* MapOverlayView.swift */; };
/* End PBXBuildFile section */

/* Begin PBXFileReference section */
		A81BA4EF2A785A8300141C27 /* MapView.swift */ = {isa = PBXFileReference; lastKnownFileType = sourcecode.swift; path = MapView.swift; sourceTree = "<group>"; };
		A8EB656D2A71D48E0026040E /* LAME2.app */ = {isa = PBXFileReference; explicitFileType = wrapper.application; includeInIndex = 0; path = LAME2.app; sourceTree = BUILT_PRODUCTS_DIR; };
		A8EB65702A71D48E0026040E /* LAME2App.swift */ = {isa = PBXFileReference; lastKnownFileType = sourcecode.swift; path = LAME2App.swift; sourceTree = "<group>"; };
		A8EB65722A71D48E0026040E /* ContentView.swift */ = {isa = PBXFileReference; lastKnownFileType = sourcecode.swift; path = ContentView.swift; sourceTree = "<group>"; };
		A8EB65742A71D4910026040E /* Assets.xcassets */ = {isa = PBXFileReference; lastKnownFileType = folder.assetcatalog; path = Assets.xcassets; sourceTree = "<group>"; };
		A8EB65772A71D4910026040E /* Preview Assets.xcassets */ = {isa = PBXFileReference; lastKnownFileType = folder.assetcatalog; path = "Preview Assets.xcassets"; sourceTree = "<group>"; };
		A8EB65802A71D53E0026040E /* DataManager.swift */ = {isa = PBXFileReference; lastKnownFileType = sourcecode.swift; path = DataManager.swift; sourceTree = "<group>"; };
		A8EB65822A71DB470026040E /* ControlView.swift */ = {isa = PBXFileReference; lastKnownFileType = sourcecode.swift; path = ControlView.swift; sourceTree = "<group>"; };
		A8EB65842A71DB780026040E /* TrainingView.swift */ = {isa = PBXFileReference; lastKnownFileType = sourcecode.swift; path = TrainingView.swift; sourceTree = "<group>"; };
		A8EB65882A71DBF50026040E /* RobotManager.swift */ = {isa = PBXFileReference; lastKnownFileType = sourcecode.swift; path = RobotManager.swift; sourceTree = "<group>"; };
		A8EB658A2A71E21B0026040E /* Preference.swift */ = {isa = PBXFileReference; lastKnownFileType = sourcecode.swift; path = Preference.swift; sourceTree = "<group>"; };
		A8EB658C2A71E5800026040E /* ConcentricCirclesView.swift */ = {isa = PBXFileReference; lastKnownFileType = sourcecode.swift; path = ConcentricCirclesView.swift; sourceTree = "<group>"; };
		A8F266562A7200AD0021660C /* PreferencesView.swift */ = {isa = PBXFileReference; lastKnownFileType = sourcecode.swift; path = PreferencesView.swift; sourceTree = "<group>"; };
		A8F294192A7440E3003471AE /* LocationManager.swift */ = {isa = PBXFileReference; lastKnownFileType = sourcecode.swift; path = LocationManager.swift; sourceTree = "<group>"; };
		A8F294262A75BAFE003471AE /* MapOverlayView.swift */ = {isa = PBXFileReference; lastKnownFileType = sourcecode.swift; name = MapOverlayView.swift; path = ../MapOverlayView.swift; sourceTree = "<group>"; };
/* End PBXFileReference section */

/* Begin PBXFrameworksBuildPhase section */
		A8EB656A2A71D48E0026040E /* Frameworks */ = {
			isa = PBXFrameworksBuildPhase;
			buildActionMask = 2147483647;
			files = (
			);
			runOnlyForDeploymentPostprocessing = 0;
		};
/* End PBXFrameworksBuildPhase section */

/* Begin PBXGroup section */
		A8EB65642A71D48E0026040E = {
			isa = PBXGroup;
			children = (
				A8EB656F2A71D48E0026040E /* LAME2 */,
				A8EB656E2A71D48E0026040E /* Products */,
			);
			sourceTree = "<group>";
		};
		A8EB656E2A71D48E0026040E /* Products */ = {
			isa = PBXGroup;
			children = (
				A8EB656D2A71D48E0026040E /* LAME2.app */,
			);
			name = Products;
			sourceTree = "<group>";
		};
		A8EB656F2A71D48E0026040E /* LAME2 */ = {
			isa = PBXGroup;
			children = (
				A8EB65742A71D4910026040E /* Assets.xcassets */,
				A8EB65762A71D4910026040E /* Preview Content */,
				A8EB65702A71D48E0026040E /* LAME2App.swift */,
				A8EB65722A71D48E0026040E /* ContentView.swift */,
				A8F294192A7440E3003471AE /* LocationManager.swift */,
				A8EB658A2A71E21B0026040E /* Preference.swift */,
				A8EB658C2A71E5800026040E /* ConcentricCirclesView.swift */,
				A8EB65882A71DBF50026040E /* RobotManager.swift */,
				A8EB65802A71D53E0026040E /* DataManager.swift */,
				A8EB65822A71DB470026040E /* ControlView.swift */,
				A8F294262A75BAFE003471AE /* MapOverlayView.swift */,
				A8F266562A7200AD0021660C /* PreferencesView.swift */,
				A8EB65842A71DB780026040E /* TrainingView.swift */,
				A81BA4EF2A785A8300141C27 /* MapView.swift */,
			);
			path = LAME2;
			sourceTree = "<group>";
		};
		A8EB65762A71D4910026040E /* Preview Content */ = {
			isa = PBXGroup;
			children = (
				A8EB65772A71D4910026040E /* Preview Assets.xcassets */,
			);
			path = "Preview Content";
			sourceTree = "<group>";
		};
/* End PBXGroup section */

/* Begin PBXNativeTarget section */
		A8EB656C2A71D48E0026040E /* LAME2 */ = {
			isa = PBXNativeTarget;
			buildConfigurationList = A8EB657B2A71D4910026040E /* Build configuration list for PBXNativeTarget "LAME2" */;
			buildPhases = (
				A8EB65692A71D48E0026040E /* Sources */,
				A8EB656A2A71D48E0026040E /* Frameworks */,
				A8EB656B2A71D48E0026040E /* Resources */,
			);
			buildRules = (
			);
			dependencies = (
			);
			name = LAME2;
			productName = LAME2;
			productReference = A8EB656D2A71D48E0026040E /* LAME2.app */;
			productType = "com.apple.product-type.application";
		};
/* End PBXNativeTarget section */

/* Begin PBXProject section */
		A8EB65652A71D48E0026040E /* Project object */ = {
			isa = PBXProject;
			attributes = {
				BuildIndependentTargetsInParallel = 1;
				LastSwiftUpdateCheck = 1500;
				LastUpgradeCheck = 1500;
				TargetAttributes = {
					A8EB656C2A71D48E0026040E = {
						CreatedOnToolsVersion = 15.0;
					};
				};
			};
			buildConfigurationList = A8EB65682A71D48E0026040E /* Build configuration list for PBXProject "LAME2" */;
			compatibilityVersion = "Xcode 14.0";
			developmentRegion = en;
			hasScannedForEncodings = 0;
			knownRegions = (
				en,
				Base,
			);
			mainGroup = A8EB65642A71D48E0026040E;
			productRefGroup = A8EB656E2A71D48E0026040E /* Products */;
			projectDirPath = "";
			projectRoot = "";
			targets = (
				A8EB656C2A71D48E0026040E /* LAME2 */,
			);
		};
/* End PBXProject section */

/* Begin PBXResourcesBuildPhase section */
		A8EB656B2A71D48E0026040E /* Resources */ = {
			isa = PBXResourcesBuildPhase;
			buildActionMask = 2147483647;
			files = (
				A8EB65782A71D4910026040E /* Preview Assets.xcassets in Resources */,
				A8EB65752A71D4910026040E /* Assets.xcassets in Resources */,
			);
			runOnlyForDeploymentPostprocessing = 0;
		};
/* End PBXResourcesBuildPhase section */

/* Begin PBXSourcesBuildPhase section */
		A8EB65692A71D48E0026040E /* Sources */ = {
			isa = PBXSourcesBuildPhase;
			buildActionMask = 2147483647;
			files = (
				A8EB658D2A71E5800026040E /* ConcentricCirclesView.swift in Sources */,
				A81BA4F02A785A8300141C27 /* MapView.swift in Sources */,
				A8EB65812A71D53E0026040E /* DataManager.swift in Sources */,
				A8EB65732A71D48E0026040E /* ContentView.swift in Sources */,
				A8EB65712A71D48E0026040E /* LAME2App.swift in Sources */,
				A8EB65852A71DB780026040E /* TrainingView.swift in Sources */,
				A8EB65892A71DBF50026040E /* RobotManager.swift in Sources */,
				A8F2941A2A7440E3003471AE /* LocationManager.swift in Sources */,
				A8EB65832A71DB470026040E /* ControlView.swift in Sources */,
				A8EB658B2A71E21B0026040E /* Preference.swift in Sources */,
				A8F294272A75BAFE003471AE /* MapOverlayView.swift in Sources */,
				A8F266572A7200AD0021660C /* PreferencesView.swift in Sources */,
			);
			runOnlyForDeploymentPostprocessing = 0;
		};
/* End PBXSourcesBuildPhase section */

/* Begin XCBuildConfiguration section */
		A8EB65792A71D4910026040E /* Debug */ = {
			isa = XCBuildConfiguration;
			buildSettings = {
				ALWAYS_SEARCH_USER_PATHS = NO;
				ASSETCATALOG_COMPILER_GENERATE_SWIFT_ASSET_SYMBOL_EXTENSIONS = YES;
				CLANG_ANALYZER_NONNULL = YES;
				CLANG_ANALYZER_NUMBER_OBJECT_CONVERSION = YES_AGGRESSIVE;
				CLANG_CXX_LANGUAGE_STANDARD = "gnu++20";
				CLANG_ENABLE_MODULES = YES;
				CLANG_ENABLE_OBJC_ARC = YES;
				CLANG_ENABLE_OBJC_WEAK = YES;
				CLANG_WARN_BLOCK_CAPTURE_AUTORELEASING = YES;
				CLANG_WARN_BOOL_CONVERSION = YES;
				CLANG_WARN_COMMA = YES;
				CLANG_WARN_CONSTANT_CONVERSION = YES;
				CLANG_WARN_DEPRECATED_OBJC_IMPLEMENTATIONS = YES;
				CLANG_WARN_DIRECT_OBJC_ISA_USAGE = YES_ERROR;
				CLANG_WARN_DOCUMENTATION_COMMENTS = YES;
				CLANG_WARN_EMPTY_BODY = YES;
				CLANG_WARN_ENUM_CONVERSION = YES;
				CLANG_WARN_INFINITE_RECURSION = YES;
				CLANG_WARN_INT_CONVERSION = YES;
				CLANG_WARN_NON_LITERAL_NULL_CONVERSION = YES;
				CLANG_WARN_OBJC_IMPLICIT_RETAIN_SELF = YES;
				CLANG_WARN_OBJC_LITERAL_CONVERSION = YES;
				CLANG_WARN_OBJC_ROOT_CLASS = YES_ERROR;
				CLANG_WARN_QUOTED_INCLUDE_IN_FRAMEWORK_HEADER = YES;
				CLANG_WARN_RANGE_LOOP_ANALYSIS = YES;
				CLANG_WARN_STRICT_PROTOTYPES = YES;
				CLANG_WARN_SUSPICIOUS_MOVE = YES;
				CLANG_WARN_UNGUARDED_AVAILABILITY = YES_AGGRESSIVE;
				CLANG_WARN_UNREACHABLE_CODE = YES;
				CLANG_WARN__DUPLICATE_METHOD_MATCH = YES;
				COPY_PHASE_STRIP = NO;
				DEBUG_INFORMATION_FORMAT = dwarf;
				ENABLE_STRICT_OBJC_MSGSEND = YES;
				ENABLE_TESTABILITY = YES;
				ENABLE_USER_SCRIPT_SANDBOXING = YES;
				GCC_C_LANGUAGE_STANDARD = gnu17;
				GCC_DYNAMIC_NO_PIC = NO;
				GCC_NO_COMMON_BLOCKS = YES;
				GCC_OPTIMIZATION_LEVEL = 0;
				GCC_PREPROCESSOR_DEFINITIONS = (
					"DEBUG=1",
					"$(inherited)",
				);
				GCC_WARN_64_TO_32_BIT_CONVERSION = YES;
				GCC_WARN_ABOUT_RETURN_TYPE = YES_ERROR;
				GCC_WARN_UNDECLARED_SELECTOR = YES;
				GCC_WARN_UNINITIALIZED_AUTOS = YES_AGGRESSIVE;
				GCC_WARN_UNUSED_FUNCTION = YES;
				GCC_WARN_UNUSED_VARIABLE = YES;
				IPHONEOS_DEPLOYMENT_TARGET = 17.0;
				LOCALIZATION_PREFERS_STRING_CATALOGS = YES;
				MTL_ENABLE_DEBUG_INFO = INCLUDE_SOURCE;
				MTL_FAST_MATH = YES;
				ONLY_ACTIVE_ARCH = YES;
				SDKROOT = iphoneos;
				SWIFT_ACTIVE_COMPILATION_CONDITIONS = "DEBUG $(inherited)";
				SWIFT_OPTIMIZATION_LEVEL = "-Onone";
			};
			name = Debug;
		};
		A8EB657A2A71D4910026040E /* Release */ = {
			isa = XCBuildConfiguration;
			buildSettings = {
				ALWAYS_SEARCH_USER_PATHS = NO;
				ASSETCATALOG_COMPILER_GENERATE_SWIFT_ASSET_SYMBOL_EXTENSIONS = YES;
				CLANG_ANALYZER_NONNULL = YES;
				CLANG_ANALYZER_NUMBER_OBJECT_CONVERSION = YES_AGGRESSIVE;
				CLANG_CXX_LANGUAGE_STANDARD = "gnu++20";
				CLANG_ENABLE_MODULES = YES;
				CLANG_ENABLE_OBJC_ARC = YES;
				CLANG_ENABLE_OBJC_WEAK = YES;
				CLANG_WARN_BLOCK_CAPTURE_AUTORELEASING = YES;
				CLANG_WARN_BOOL_CONVERSION = YES;
				CLANG_WARN_COMMA = YES;
				CLANG_WARN_CONSTANT_CONVERSION = YES;
				CLANG_WARN_DEPRECATED_OBJC_IMPLEMENTATIONS = YES;
				CLANG_WARN_DIRECT_OBJC_ISA_USAGE = YES_ERROR;
				CLANG_WARN_DOCUMENTATION_COMMENTS = YES;
				CLANG_WARN_EMPTY_BODY = YES;
				CLANG_WARN_ENUM_CONVERSION = YES;
				CLANG_WARN_INFINITE_RECURSION = YES;
				CLANG_WARN_INT_CONVERSION = YES;
				CLANG_WARN_NON_LITERAL_NULL_CONVERSION = YES;
				CLANG_WARN_OBJC_IMPLICIT_RETAIN_SELF = YES;
				CLANG_WARN_OBJC_LITERAL_CONVERSION = YES;
				CLANG_WARN_OBJC_ROOT_CLASS = YES_ERROR;
				CLANG_WARN_QUOTED_INCLUDE_IN_FRAMEWORK_HEADER = YES;
				CLANG_WARN_RANGE_LOOP_ANALYSIS = YES;
				CLANG_WARN_STRICT_PROTOTYPES = YES;
				CLANG_WARN_SUSPICIOUS_MOVE = YES;
				CLANG_WARN_UNGUARDED_AVAILABILITY = YES_AGGRESSIVE;
				CLANG_WARN_UNREACHABLE_CODE = YES;
				CLANG_WARN__DUPLICATE_METHOD_MATCH = YES;
				COPY_PHASE_STRIP = NO;
				DEBUG_INFORMATION_FORMAT = "dwarf-with-dsym";
				ENABLE_NS_ASSERTIONS = NO;
				ENABLE_STRICT_OBJC_MSGSEND = YES;
				ENABLE_USER_SCRIPT_SANDBOXING = YES;
				GCC_C_LANGUAGE_STANDARD = gnu17;
				GCC_NO_COMMON_BLOCKS = YES;
				GCC_WARN_64_TO_32_BIT_CONVERSION = YES;
				GCC_WARN_ABOUT_RETURN_TYPE = YES_ERROR;
				GCC_WARN_UNDECLARED_SELECTOR = YES;
				GCC_WARN_UNINITIALIZED_AUTOS = YES_AGGRESSIVE;
				GCC_WARN_UNUSED_FUNCTION = YES;
				GCC_WARN_UNUSED_VARIABLE = YES;
				IPHONEOS_DEPLOYMENT_TARGET = 17.0;
				LOCALIZATION_PREFERS_STRING_CATALOGS = YES;
				MTL_ENABLE_DEBUG_INFO = NO;
				MTL_FAST_MATH = YES;
				SDKROOT = iphoneos;
				SWIFT_COMPILATION_MODE = wholemodule;
				VALIDATE_PRODUCT = YES;
			};
			name = Release;
		};
		A8EB657C2A71D4910026040E /* Debug */ = {
			isa = XCBuildConfiguration;
			buildSettings = {
				ASSETCATALOG_COMPILER_APPICON_NAME = AppIcon;
				ASSETCATALOG_COMPILER_GLOBAL_ACCENT_COLOR_NAME = AccentColor;
				CODE_SIGN_STYLE = Automatic;
				CURRENT_PROJECT_VERSION = 1;
				DEVELOPMENT_ASSET_PATHS = "\"LAME2/Preview Content\"";
				DEVELOPMENT_TEAM = PD5U6R7BH5;
				ENABLE_PREVIEWS = YES;
				GENERATE_INFOPLIST_FILE = YES;
				INFOPLIST_FILE = LAME2/Info.plist;
				INFOPLIST_KEY_NSLocationAlwaysAndWhenInUseUsageDescription = "We need your location for...";
				INFOPLIST_KEY_NSLocationAlwaysUsageDescription = "Please select";
				INFOPLIST_KEY_NSLocationWhenInUseUsageDescription = "Please select";
				INFOPLIST_KEY_UIApplicationSceneManifest_Generation = YES;
				INFOPLIST_KEY_UIApplicationSupportsIndirectInputEvents = YES;
				INFOPLIST_KEY_UILaunchScreen_Generation = YES;
				INFOPLIST_KEY_UISupportedInterfaceOrientations_iPad = "UIInterfaceOrientationPortrait UIInterfaceOrientationPortraitUpsideDown UIInterfaceOrientationLandscapeLeft UIInterfaceOrientationLandscapeRight";
				INFOPLIST_KEY_UISupportedInterfaceOrientations_iPhone = "UIInterfaceOrientationPortrait UIInterfaceOrientationLandscapeLeft UIInterfaceOrientationLandscapeRight";
				LD_RUNPATH_SEARCH_PATHS = (
					"$(inherited)",
					"@executable_path/Frameworks",
				);
				MARKETING_VERSION = 1.0;
				PRODUCT_BUNDLE_IDENTIFIER = roontoon.LAME2;
				PRODUCT_NAME = "$(TARGET_NAME)";
				SWIFT_EMIT_LOC_STRINGS = YES;
				SWIFT_VERSION = 5.0;
				TARGETED_DEVICE_FAMILY = "1,2";
			};
			name = Debug;
		};
		A8EB657D2A71D4910026040E /* Release */ = {
			isa = XCBuildConfiguration;
			buildSettings = {
				ASSETCATALOG_COMPILER_APPICON_NAME = AppIcon;
				ASSETCATALOG_COMPILER_GLOBAL_ACCENT_COLOR_NAME = AccentColor;
				CODE_SIGN_STYLE = Automatic;
				CURRENT_PROJECT_VERSION = 1;
				DEVELOPMENT_ASSET_PATHS = "\"LAME2/Preview Content\"";
				DEVELOPMENT_TEAM = PD5U6R7BH5;
				ENABLE_PREVIEWS = YES;
				GENERATE_INFOPLIST_FILE = YES;
				INFOPLIST_FILE = LAME2/Info.plist;
				INFOPLIST_KEY_NSLocationAlwaysAndWhenInUseUsageDescription = "We need your location for...";
				INFOPLIST_KEY_NSLocationAlwaysUsageDescription = "Please select";
				INFOPLIST_KEY_NSLocationWhenInUseUsageDescription = "Please select";
				INFOPLIST_KEY_UIApplicationSceneManifest_Generation = YES;
				INFOPLIST_KEY_UIApplicationSupportsIndirectInputEvents = YES;
				INFOPLIST_KEY_UILaunchScreen_Generation = YES;
				INFOPLIST_KEY_UISupportedInterfaceOrientations_iPad = "UIInterfaceOrientationPortrait UIInterfaceOrientationPortraitUpsideDown UIInterfaceOrientationLandscapeLeft UIInterfaceOrientationLandscapeRight";
				INFOPLIST_KEY_UISupportedInterfaceOrientations_iPhone = "UIInterfaceOrientationPortrait UIInterfaceOrientationLandscapeLeft UIInterfaceOrientationLandscapeRight";
				LD_RUNPATH_SEARCH_PATHS = (
					"$(inherited)",
					"@executable_path/Frameworks",
				);
				MARKETING_VERSION = 1.0;
				PRODUCT_BUNDLE_IDENTIFIER = roontoon.LAME2;
				PRODUCT_NAME = "$(TARGET_NAME)";
				SWIFT_EMIT_LOC_STRINGS = YES;
				SWIFT_VERSION = 5.0;
				TARGETED_DEVICE_FAMILY = "1,2";
			};
			name = Release;
		};
/* End XCBuildConfiguration section */

/* Begin XCConfigurationList section */
		A8EB65682A71D48E0026040E /* Build configuration list for PBXProject "LAME2" */ = {
			isa = XCConfigurationList;
			buildConfigurations = (
				A8EB65792A71D4910026040E /* Debug */,
				A8EB657A2A71D4910026040E /* Release */,
			);
			defaultConfigurationIsVisible = 0;
			defaultConfigurationName = Release;
		};
		A8EB657B2A71D4910026040E /* Build configuration list for PBXNativeTarget "LAME2" */ = {
			isa = XCConfigurationList;
			buildConfigurations = (
				A8EB657C2A71D4910026040E /* Debug */,
				A8EB657D2A71D4910026040E /* Release */,
			);
			defaultConfigurationIsVisible = 0;
			defaultConfigurationName = Release;
		};
/* End XCConfigurationList section */
	};
	rootObject = A8EB65652A71D48E0026040E /* Project object */;
}
